// !$*UTF8*$!
{
	archiveVersion = 1;
	classes = {
	};
	objectVersion = 48;
	objects = {

/* Begin PBXBuildFile section */
		490022742082303300FAF1F6 /* PidsListViewController.swift in Sources */ = {isa = PBXBuildFile; fileRef = 490022732082303300FAF1F6 /* PidsListViewController.swift */; };
		4900227820836D8D00FAF1F6 /* PidsListCell.swift in Sources */ = {isa = PBXBuildFile; fileRef = 4900227720836D8D00FAF1F6 /* PidsListCell.swift */; };
		4900227C2085FEDC00FAF1F6 /* Assets.xcassets in Resources */ = {isa = PBXBuildFile; fileRef = 4900227B2085FED600FAF1F6 /* Assets.xcassets */; };
		4900227E20861B0800FAF1F6 /* SensorsCell.swift in Sources */ = {isa = PBXBuildFile; fileRef = 4900227D20861B0800FAF1F6 /* SensorsCell.swift */; };
		4900228020861B2000FAF1F6 /* SensorsTableViewController.swift in Sources */ = {isa = PBXBuildFile; fileRef = 4900227F20861B1F00FAF1F6 /* SensorsTableViewController.swift */; };
		491699C1209D843400DFF7C0 /* PidDisplayManager.swift in Sources */ = {isa = PBXBuildFile; fileRef = 491699C0209D843400DFF7C0 /* PidDisplayManager.swift */; };
		49D1C3A020810F11009CF4DD /* OBD2Swift.framework in Frameworks */ = {isa = PBXBuildFile; fileRef = 49D1C39B20810EE0009CF4DD /* OBD2Swift.framework */; };
		49D1C3A120810F11009CF4DD /* OBD2Swift.framework in Embed Frameworks */ = {isa = PBXBuildFile; fileRef = 49D1C39B20810EE0009CF4DD /* OBD2Swift.framework */; settings = {ATTRIBUTES = (CodeSignOnCopy, RemoveHeadersOnCopy, ); }; };
		49D1C3A520821BCF009CF4DD /* PidSelectionViewController.swift in Sources */ = {isa = PBXBuildFile; fileRef = 49D1C3A420821BCF009CF4DD /* PidSelectionViewController.swift */; };
		49DAC138208C9B07008F5D30 /* SharedScanner.swift in Sources */ = {isa = PBXBuildFile; fileRef = 49DAC137208C9B07008F5D30 /* SharedScanner.swift */; };
		49DD8DA8207F6C140086E442 /* AppDelegate.swift in Sources */ = {isa = PBXBuildFile; fileRef = 49DD8DA7207F6C140086E442 /* AppDelegate.swift */; };
		49DD8DAA207F6C140086E442 /* ViewController.swift in Sources */ = {isa = PBXBuildFile; fileRef = 49DD8DA9207F6C140086E442 /* ViewController.swift */; };
		49DD8DAD207F6C140086E442 /* Main.storyboard in Resources */ = {isa = PBXBuildFile; fileRef = 49DD8DAB207F6C140086E442 /* Main.storyboard */; };
		49DD8DB0207F6C140086E442 /* Car_Observer.xcdatamodeld in Sources */ = {isa = PBXBuildFile; fileRef = 49DD8DAE207F6C140086E442 /* Car_Observer.xcdatamodeld */; };
		49DD8DBF207F76E10086E442 /* LaunchScreen.storyboard in Resources */ = {isa = PBXBuildFile; fileRef = 49DD8DBE207F76E00086E442 /* LaunchScreen.storyboard */; };
/* End PBXBuildFile section */

/* Begin PBXContainerItemProxy section */
		49D1C39A20810EE0009CF4DD /* PBXContainerItemProxy */ = {
			isa = PBXContainerItemProxy;
			containerPortal = 49D1C39420810EE0009CF4DD /* OBD2Swift.xcodeproj */;
			proxyType = 2;
			remoteGlobalIDString = 9258F2E71EAF45E7006B7580;
			remoteInfo = OBD2Swift;
		};
		49D1C39C20810EE0009CF4DD /* PBXContainerItemProxy */ = {
			isa = PBXContainerItemProxy;
			containerPortal = 49D1C39420810EE0009CF4DD /* OBD2Swift.xcodeproj */;
			proxyType = 2;
			remoteGlobalIDString = 9258F2F01EAF45E7006B7580;
			remoteInfo = OBD2SwiftTests;
		};
		49D1C39E20810EE0009CF4DD /* PBXContainerItemProxy */ = {
			isa = PBXContainerItemProxy;
			containerPortal = 49D1C39420810EE0009CF4DD /* OBD2Swift.xcodeproj */;
			proxyType = 2;
			remoteGlobalIDString = 925EDD6C1EE96D73009B7955;
			remoteInfo = OBD2SwiftMacOS;
		};
		49D1C3A220810F11009CF4DD /* PBXContainerItemProxy */ = {
			isa = PBXContainerItemProxy;
			containerPortal = 49D1C39420810EE0009CF4DD /* OBD2Swift.xcodeproj */;
			proxyType = 1;
			remoteGlobalIDString = 9258F2E61EAF45E7006B7580;
			remoteInfo = OBD2Swift;
		};
/* End PBXContainerItemProxy section */

/* Begin PBXCopyFilesBuildPhase section */
		49D1C38720810824009CF4DD /* Embed Frameworks */ = {
			isa = PBXCopyFilesBuildPhase;
			buildActionMask = 2147483647;
			dstPath = "";
			dstSubfolderSpec = 10;
			files = (
				49D1C3A120810F11009CF4DD /* OBD2Swift.framework in Embed Frameworks */,
			);
			name = "Embed Frameworks";
			runOnlyForDeploymentPostprocessing = 0;
		};
/* End PBXCopyFilesBuildPhase section */

/* Begin PBXFileReference section */
		490022732082303300FAF1F6 /* PidsListViewController.swift */ = {isa = PBXFileReference; lastKnownFileType = sourcecode.swift; path = PidsListViewController.swift; sourceTree = "<group>"; };
		4900227720836D8D00FAF1F6 /* PidsListCell.swift */ = {isa = PBXFileReference; lastKnownFileType = sourcecode.swift; path = PidsListCell.swift; sourceTree = "<group>"; };
		4900227B2085FED600FAF1F6 /* Assets.xcassets */ = {isa = PBXFileReference; lastKnownFileType = folder.assetcatalog; path = Assets.xcassets; sourceTree = "<group>"; };
		4900227D20861B0800FAF1F6 /* SensorsCell.swift */ = {isa = PBXFileReference; lastKnownFileType = sourcecode.swift; path = SensorsCell.swift; sourceTree = "<group>"; };
		4900227F20861B1F00FAF1F6 /* SensorsTableViewController.swift */ = {isa = PBXFileReference; lastKnownFileType = sourcecode.swift; path = SensorsTableViewController.swift; sourceTree = "<group>"; };
		491699C0209D843400DFF7C0 /* PidDisplayManager.swift */ = {isa = PBXFileReference; lastKnownFileType = sourcecode.swift; path = PidDisplayManager.swift; sourceTree = "<group>"; };
		49D1C39420810EE0009CF4DD /* OBD2Swift.xcodeproj */ = {isa = PBXFileReference; lastKnownFileType = "wrapper.pb-project"; name = OBD2Swift.xcodeproj; path = "OBD2-Swift/OBD2Swift.xcodeproj"; sourceTree = SOURCE_ROOT; };
		49D1C3A420821BCF009CF4DD /* PidSelectionViewController.swift */ = {isa = PBXFileReference; lastKnownFileType = sourcecode.swift; path = PidSelectionViewController.swift; sourceTree = "<group>"; };
		49DAC137208C9B07008F5D30 /* SharedScanner.swift */ = {isa = PBXFileReference; lastKnownFileType = sourcecode.swift; path = SharedScanner.swift; sourceTree = "<group>"; };
		49DD8DA4207F6C140086E442 /* Car_Observer.app */ = {isa = PBXFileReference; explicitFileType = wrapper.application; includeInIndex = 0; path = Car_Observer.app; sourceTree = BUILT_PRODUCTS_DIR; };
		49DD8DA7207F6C140086E442 /* AppDelegate.swift */ = {isa = PBXFileReference; lastKnownFileType = sourcecode.swift; path = AppDelegate.swift; sourceTree = "<group>"; };
		49DD8DA9207F6C140086E442 /* ViewController.swift */ = {isa = PBXFileReference; lastKnownFileType = sourcecode.swift; path = ViewController.swift; sourceTree = "<group>"; };
		49DD8DAC207F6C140086E442 /* Base */ = {isa = PBXFileReference; lastKnownFileType = file.storyboard; name = Base; path = Base.lproj/Main.storyboard; sourceTree = "<group>"; };
		49DD8DAF207F6C140086E442 /* Car_Observer.xcdatamodel */ = {isa = PBXFileReference; lastKnownFileType = wrapper.xcdatamodel; path = Car_Observer.xcdatamodel; sourceTree = "<group>"; };
		49DD8DB6207F6C140086E442 /* Info.plist */ = {isa = PBXFileReference; lastKnownFileType = text.plist.xml; path = Info.plist; sourceTree = "<group>"; };
		49DD8DBE207F76E00086E442 /* LaunchScreen.storyboard */ = {isa = PBXFileReference; fileEncoding = 4; lastKnownFileType = file.storyboard; path = LaunchScreen.storyboard; sourceTree = "<group>"; };
/* End PBXFileReference section */

/* Begin PBXFrameworksBuildPhase section */
		49DD8DA1207F6C140086E442 /* Frameworks */ = {
			isa = PBXFrameworksBuildPhase;
			buildActionMask = 2147483647;
			files = (
				49D1C3A020810F11009CF4DD /* OBD2Swift.framework in Frameworks */,
			);
			runOnlyForDeploymentPostprocessing = 0;
		};
/* End PBXFrameworksBuildPhase section */

/* Begin PBXGroup section */
		49D1C39520810EE0009CF4DD /* Products */ = {
			isa = PBXGroup;
			children = (
				49D1C39B20810EE0009CF4DD /* OBD2Swift.framework */,
				49D1C39D20810EE0009CF4DD /* OBD2SwiftTests.xctest */,
				49D1C39F20810EE0009CF4DD /* OBD2SwiftMacOS.framework */,
			);
			name = Products;
			sourceTree = "<group>";
		};
		49DAC13B208CF95D008F5D30 /* UI */ = {
			isa = PBXGroup;
			children = (
				49DD8DA9207F6C140086E442 /* ViewController.swift */,
				49D1C3A420821BCF009CF4DD /* PidSelectionViewController.swift */,
				490022732082303300FAF1F6 /* PidsListViewController.swift */,
				4900227F20861B1F00FAF1F6 /* SensorsTableViewController.swift */,
				49DAC13C208CF97F008F5D30 /* Cell */,
			);
			path = UI;
			sourceTree = "<group>";
		};
		49DAC13C208CF97F008F5D30 /* Cell */ = {
			isa = PBXGroup;
			children = (
				4900227720836D8D00FAF1F6 /* PidsListCell.swift */,
				4900227D20861B0800FAF1F6 /* SensorsCell.swift */,
				491699C0209D843400DFF7C0 /* PidDisplayManager.swift */,
			);
			path = Cell;
			sourceTree = "<group>";
		};
		49DD8D9B207F6C140086E442 = {
			isa = PBXGroup;
			children = (
				49DD8DA6207F6C140086E442 /* Car_Observer */,
				49DD8DA5207F6C140086E442 /* Products */,
			);
			sourceTree = "<group>";
		};
		49DD8DA5207F6C140086E442 /* Products */ = {
			isa = PBXGroup;
			children = (
				49DD8DA4207F6C140086E442 /* Car_Observer.app */,
			);
			name = Products;
			sourceTree = "<group>";
		};
		49DD8DA6207F6C140086E442 /* Car_Observer */ = {
			isa = PBXGroup;
			children = (
				49DD8DA7207F6C140086E442 /* AppDelegate.swift */,
				49DAC137208C9B07008F5D30 /* SharedScanner.swift */,
				49DAC13B208CF95D008F5D30 /* UI */,
				4900227B2085FED600FAF1F6 /* Assets.xcassets */,
				49DD8DAB207F6C140086E442 /* Main.storyboard */,
				49DD8DBE207F76E00086E442 /* LaunchScreen.storyboard */,
				49DD8DB6207F6C140086E442 /* Info.plist */,
				49DD8DAE207F6C140086E442 /* Car_Observer.xcdatamodeld */,
				49D1C39420810EE0009CF4DD /* OBD2Swift.xcodeproj */,
			);
			path = Car_Observer;
			sourceTree = "<group>";
		};
/* End PBXGroup section */

/* Begin PBXNativeTarget section */
		49DD8DA3207F6C140086E442 /* Car_Observer */ = {
			isa = PBXNativeTarget;
			buildConfigurationList = 49DD8DB9207F6C140086E442 /* Build configuration list for PBXNativeTarget "Car_Observer" */;
			buildPhases = (
				49DD8DA0207F6C140086E442 /* Sources */,
				49DD8DA1207F6C140086E442 /* Frameworks */,
				49DD8DA2207F6C140086E442 /* Resources */,
				49D1C38720810824009CF4DD /* Embed Frameworks */,
			);
			buildRules = (
			);
			dependencies = (
				49D1C3A320810F11009CF4DD /* PBXTargetDependency */,
			);
			name = Car_Observer;
			productName = Car_Observer;
			productReference = 49DD8DA4207F6C140086E442 /* Car_Observer.app */;
			productType = "com.apple.product-type.application";
		};
/* End PBXNativeTarget section */

/* Begin PBXProject section */
		49DD8D9C207F6C140086E442 /* Project object */ = {
			isa = PBXProject;
			attributes = {
				LastSwiftUpdateCheck = 0900;
				LastUpgradeCheck = 0900;
				ORGANIZATIONNAME = "Andrew Scherbina";
				TargetAttributes = {
					49DD8DA3207F6C140086E442 = {
						CreatedOnToolsVersion = 9.0.1;
						ProvisioningStyle = Automatic;
					};
				};
			};
			buildConfigurationList = 49DD8D9F207F6C140086E442 /* Build configuration list for PBXProject "Car_Observer" */;
			compatibilityVersion = "Xcode 8.0";
			developmentRegion = en;
			hasScannedForEncodings = 0;
			knownRegions = (
				en,
				Base,
			);
			mainGroup = 49DD8D9B207F6C140086E442;
			productRefGroup = 49DD8DA5207F6C140086E442 /* Products */;
			projectDirPath = "";
			projectReferences = (
				{
					ProductGroup = 49D1C39520810EE0009CF4DD /* Products */;
					ProjectRef = 49D1C39420810EE0009CF4DD /* OBD2Swift.xcodeproj */;
				},
			);
			projectRoot = "";
			targets = (
				49DD8DA3207F6C140086E442 /* Car_Observer */,
			);
		};
/* End PBXProject section */

/* Begin PBXReferenceProxy section */
		49D1C39B20810EE0009CF4DD /* OBD2Swift.framework */ = {
			isa = PBXReferenceProxy;
			fileType = wrapper.framework;
			path = OBD2Swift.framework;
			remoteRef = 49D1C39A20810EE0009CF4DD /* PBXContainerItemProxy */;
			sourceTree = BUILT_PRODUCTS_DIR;
		};
		49D1C39D20810EE0009CF4DD /* OBD2SwiftTests.xctest */ = {
			isa = PBXReferenceProxy;
			fileType = wrapper.cfbundle;
			path = OBD2SwiftTests.xctest;
			remoteRef = 49D1C39C20810EE0009CF4DD /* PBXContainerItemProxy */;
			sourceTree = BUILT_PRODUCTS_DIR;
		};
		49D1C39F20810EE0009CF4DD /* OBD2SwiftMacOS.framework */ = {
			isa = PBXReferenceProxy;
			fileType = wrapper.framework;
			path = OBD2SwiftMacOS.framework;
			remoteRef = 49D1C39E20810EE0009CF4DD /* PBXContainerItemProxy */;
			sourceTree = BUILT_PRODUCTS_DIR;
		};
/* End PBXReferenceProxy section */

/* Begin PBXResourcesBuildPhase section */
		49DD8DA2207F6C140086E442 /* Resources */ = {
			isa = PBXResourcesBuildPhase;
			buildActionMask = 2147483647;
			files = (
				49DD8DBF207F76E10086E442 /* LaunchScreen.storyboard in Resources */,
				4900227C2085FEDC00FAF1F6 /* Assets.xcassets in Resources */,
				49DD8DAD207F6C140086E442 /* Main.storyboard in Resources */,
			);
			runOnlyForDeploymentPostprocessing = 0;
		};
/* End PBXResourcesBuildPhase section */

/* Begin PBXSourcesBuildPhase section */
		49DD8DA0207F6C140086E442 /* Sources */ = {
			isa = PBXSourcesBuildPhase;
			buildActionMask = 2147483647;
			files = (
				490022742082303300FAF1F6 /* PidsListViewController.swift in Sources */,
				49DAC138208C9B07008F5D30 /* SharedScanner.swift in Sources */,
				49DD8DAA207F6C140086E442 /* ViewController.swift in Sources */,
				49DD8DA8207F6C140086E442 /* AppDelegate.swift in Sources */,
				49D1C3A520821BCF009CF4DD /* PidSelectionViewController.swift in Sources */,
				49DD8DB0207F6C140086E442 /* Car_Observer.xcdatamodeld in Sources */,
				4900227820836D8D00FAF1F6 /* PidsListCell.swift in Sources */,
				4900228020861B2000FAF1F6 /* SensorsTableViewController.swift in Sources */,
				491699C1209D843400DFF7C0 /* PidDisplayManager.swift in Sources */,
				4900227E20861B0800FAF1F6 /* SensorsCell.swift in Sources */,
			);
			runOnlyForDeploymentPostprocessing = 0;
		};
/* End PBXSourcesBuildPhase section */

/* Begin PBXTargetDependency section */
		49D1C3A320810F11009CF4DD /* PBXTargetDependency */ = {
			isa = PBXTargetDependency;
			name = OBD2Swift;
			targetProxy = 49D1C3A220810F11009CF4DD /* PBXContainerItemProxy */;
		};
/* End PBXTargetDependency section */

/* Begin PBXVariantGroup section */
		49DD8DAB207F6C140086E442 /* Main.storyboard */ = {
			isa = PBXVariantGroup;
			children = (
				49DD8DAC207F6C140086E442 /* Base */,
			);
			name = Main.storyboard;
			sourceTree = "<group>";
		};
/* End PBXVariantGroup section */

/* Begin XCBuildConfiguration section */
		49DD8DB7207F6C140086E442 /* Debug */ = {
			isa = XCBuildConfiguration;
			buildSettings = {
				ALWAYS_SEARCH_USER_PATHS = NO;
				CLANG_ANALYZER_NONNULL = YES;
				CLANG_ANALYZER_NUMBER_OBJECT_CONVERSION = YES_AGGRESSIVE;
				CLANG_CXX_LANGUAGE_STANDARD = "gnu++14";
				CLANG_CXX_LIBRARY = "libc++";
				CLANG_ENABLE_MODULES = YES;
				CLANG_ENABLE_OBJC_ARC = YES;
				CLANG_WARN_BLOCK_CAPTURE_AUTORELEASING = YES;
				CLANG_WARN_BOOL_CONVERSION = YES;
				CLANG_WARN_COMMA = YES;
				CLANG_WARN_CONSTANT_CONVERSION = YES;
				CLANG_WARN_DIRECT_OBJC_ISA_USAGE = YES_ERROR;
				CLANG_WARN_DOCUMENTATION_COMMENTS = YES;
				CLANG_WARN_EMPTY_BODY = YES;
				CLANG_WARN_ENUM_CONVERSION = YES;
				CLANG_WARN_INFINITE_RECURSION = YES;
				CLANG_WARN_INT_CONVERSION = YES;
				CLANG_WARN_NON_LITERAL_NULL_CONVERSION = YES;
				CLANG_WARN_OBJC_LITERAL_CONVERSION = YES;
				CLANG_WARN_OBJC_ROOT_CLASS = YES_ERROR;
				CLANG_WARN_RANGE_LOOP_ANALYSIS = YES;
				CLANG_WARN_STRICT_PROTOTYPES = YES;
				CLANG_WARN_SUSPICIOUS_MOVE = YES;
				CLANG_WARN_UNGUARDED_AVAILABILITY = YES_AGGRESSIVE;
				CLANG_WARN_UNREACHABLE_CODE = YES;
				CLANG_WARN__DUPLICATE_METHOD_MATCH = YES;
				CODE_SIGN_IDENTITY = "iPhone Developer";
				COPY_PHASE_STRIP = NO;
				DEBUG_INFORMATION_FORMAT = dwarf;
				ENABLE_STRICT_OBJC_MSGSEND = YES;
				ENABLE_TESTABILITY = YES;
				GCC_C_LANGUAGE_STANDARD = gnu11;
				GCC_DYNAMIC_NO_PIC = NO;
				GCC_NO_COMMON_BLOCKS = YES;
				GCC_OPTIMIZATION_LEVEL = 0;
				GCC_PREPROCESSOR_DEFINITIONS = (
					"DEBUG=1",
					"$(inherited)",
				);
				GCC_WARN_64_TO_32_BIT_CONVERSION = YES;
				GCC_WARN_ABOUT_RETURN_TYPE = YES_ERROR;
				GCC_WARN_UNDECLARED_SELECTOR = YES;
				GCC_WARN_UNINITIALIZED_AUTOS = YES_AGGRESSIVE;
				GCC_WARN_UNUSED_FUNCTION = YES;
				GCC_WARN_UNUSED_VARIABLE = YES;
				IPHONEOS_DEPLOYMENT_TARGET = 11.0;
				MTL_ENABLE_DEBUG_INFO = YES;
				ONLY_ACTIVE_ARCH = YES;
				SDKROOT = iphoneos;
				SWIFT_ACTIVE_COMPILATION_CONDITIONS = DEBUG;
				SWIFT_OPTIMIZATION_LEVEL = "-Onone";
			};
			name = Debug;
		};
		49DD8DB8207F6C140086E442 /* Release */ = {
			isa = XCBuildConfiguration;
			buildSettings = {
				ALWAYS_SEARCH_USER_PATHS = NO;
				CLANG_ANALYZER_NONNULL = YES;
				CLANG_ANALYZER_NUMBER_OBJECT_CONVERSION = YES_AGGRESSIVE;
				CLANG_CXX_LANGUAGE_STANDARD = "gnu++14";
				CLANG_CXX_LIBRARY = "libc++";
				CLANG_ENABLE_MODULES = YES;
				CLANG_ENABLE_OBJC_ARC = YES;
				CLANG_WARN_BLOCK_CAPTURE_AUTORELEASING = YES;
				CLANG_WARN_BOOL_CONVERSION = YES;
				CLANG_WARN_COMMA = YES;
				CLANG_WARN_CONSTANT_CONVERSION = YES;
				CLANG_WARN_DIRECT_OBJC_ISA_USAGE = YES_ERROR;
				CLANG_WARN_DOCUMENTATION_COMMENTS = YES;
				CLANG_WARN_EMPTY_BODY = YES;
				CLANG_WARN_ENUM_CONVERSION = YES;
				CLANG_WARN_INFINITE_RECURSION = YES;
				CLANG_WARN_INT_CONVERSION = YES;
				CLANG_WARN_NON_LITERAL_NULL_CONVERSION = YES;
				CLANG_WARN_OBJC_LITERAL_CONVERSION = YES;
				CLANG_WARN_OBJC_ROOT_CLASS = YES_ERROR;
				CLANG_WARN_RANGE_LOOP_ANALYSIS = YES;
				CLANG_WARN_STRICT_PROTOTYPES = YES;
				CLANG_WARN_SUSPICIOUS_MOVE = YES;
				CLANG_WARN_UNGUARDED_AVAILABILITY = YES_AGGRESSIVE;
				CLANG_WARN_UNREACHABLE_CODE = YES;
				CLANG_WARN__DUPLICATE_METHOD_MATCH = YES;
				CODE_SIGN_IDENTITY = "iPhone Developer";
				COPY_PHASE_STRIP = NO;
				DEBUG_INFORMATION_FORMAT = "dwarf-with-dsym";
				ENABLE_NS_ASSERTIONS = NO;
				ENABLE_STRICT_OBJC_MSGSEND = YES;
				GCC_C_LANGUAGE_STANDARD = gnu11;
				GCC_NO_COMMON_BLOCKS = YES;
				GCC_WARN_64_TO_32_BIT_CONVERSION = YES;
				GCC_WARN_ABOUT_RETURN_TYPE = YES_ERROR;
				GCC_WARN_UNDECLARED_SELECTOR = YES;
				GCC_WARN_UNINITIALIZED_AUTOS = YES_AGGRESSIVE;
				GCC_WARN_UNUSED_FUNCTION = YES;
				GCC_WARN_UNUSED_VARIABLE = YES;
				IPHONEOS_DEPLOYMENT_TARGET = 11.0;
				MTL_ENABLE_DEBUG_INFO = NO;
				SDKROOT = iphoneos;
				SWIFT_OPTIMIZATION_LEVEL = "-Owholemodule";
				VALIDATE_PRODUCT = YES;
			};
			name = Release;
		};
		49DD8DBA207F6C140086E442 /* Debug */ = {
			isa = XCBuildConfiguration;
			buildSettings = {
				ALWAYS_EMBED_SWIFT_STANDARD_LIBRARIES = YES;
				ASSETCATALOG_COMPILER_APPICON_NAME = AppIcon;
				ASSETCATALOG_COMPILER_LAUNCHIMAGE_NAME = LaunchImage;
				CODE_SIGN_STYLE = Automatic;
				DEVELOPMENT_TEAM = 25VKW38T23;
				INFOPLIST_FILE = Car_Observer/Info.plist;
				IPHONEOS_DEPLOYMENT_TARGET = 10.0;
				LD_RUNPATH_SEARCH_PATHS = "$(inherited) @executable_path/Frameworks";
				PRODUCT_BUNDLE_IDENTIFIER = "-tune8.Car-Observer";
				PRODUCT_NAME = "$(TARGET_NAME)";
				SWIFT_VERSION = 4.0;
				TARGETED_DEVICE_FAMILY = 1;
			};
			name = Debug;
		};
		49DD8DBB207F6C140086E442 /* Release */ = {
			isa = XCBuildConfiguration;
			buildSettings = {
				ALWAYS_EMBED_SWIFT_STANDARD_LIBRARIES = YES;
				ASSETCATALOG_COMPILER_APPICON_NAME = AppIcon;
				ASSETCATALOG_COMPILER_LAUNCHIMAGE_NAME = LaunchImage;
				CODE_SIGN_STYLE = Automatic;
				DEVELOPMENT_TEAM = 25VKW38T23;
				INFOPLIST_FILE = Car_Observer/Info.plist;
				IPHONEOS_DEPLOYMENT_TARGET = 10.0;
				LD_RUNPATH_SEARCH_PATHS = "$(inherited) @executable_path/Frameworks";
				PRODUCT_BUNDLE_IDENTIFIER = "-tune8.Car-Observer";
				PRODUCT_NAME = "$(TARGET_NAME)";
				SWIFT_VERSION = 4.0;
				TARGETED_DEVICE_FAMILY = 1;
			};
			name = Release;
		};
/* End XCBuildConfiguration section */

/* Begin XCConfigurationList section */
		49DD8D9F207F6C140086E442 /* Build configuration list for PBXProject "Car_Observer" */ = {
			isa = XCConfigurationList;
			buildConfigurations = (
				49DD8DB7207F6C140086E442 /* Debug */,
				49DD8DB8207F6C140086E442 /* Release */,
			);
			defaultConfigurationIsVisible = 0;
			defaultConfigurationName = Release;
		};
		49DD8DB9207F6C140086E442 /* Build configuration list for PBXNativeTarget "Car_Observer" */ = {
			isa = XCConfigurationList;
			buildConfigurations = (
				49DD8DBA207F6C140086E442 /* Debug */,
				49DD8DBB207F6C140086E442 /* Release */,
			);
			defaultConfigurationIsVisible = 0;
			defaultConfigurationName = Release;
		};
/* End XCConfigurationList section */

/* Begin XCVersionGroup section */
		49DD8DAE207F6C140086E442 /* Car_Observer.xcdatamodeld */ = {
			isa = XCVersionGroup;
			children = (
				49DD8DAF207F6C140086E442 /* Car_Observer.xcdatamodel */,
			);
			currentVersion = 49DD8DAF207F6C140086E442 /* Car_Observer.xcdatamodel */;
			path = Car_Observer.xcdatamodeld;
			sourceTree = "<group>";
			versionGroupType = wrapper.xcdatamodel;
		};
/* End XCVersionGroup section */
	};
	rootObject = 49DD8D9C207F6C140086E442 /* Project object */;
}
